
Microsoft Visual Studio Solution File, Format Version 12.00
# Visual Studio Version 16
VisualStudioVersion = 16.0.30330.147
MinimumVisualStudioVersion = 10.0.40219.1
Project("{FAE04EC0-301F-11D3-BF4B-00C04F79EFBC}") = "BinaryClock", "BinaryClock\BinaryClock.csproj", "{E33CE90E-FB51-497C-B89E-B1600BF8D50E}"
EndProject
Project("{FAE04EC0-301F-11D3-BF4B-00C04F79EFBC}") = "TimeLibrary", "TimeLibrary\TimeLibrary.csproj", "{F8966CB7-0F84-421A-B845-8CBDE6C5F1C3}"
EndProject
Project("{FAE04EC0-301F-11D3-BF4B-00C04F79EFBC}") = "DisplayLibrary", "DisplayLibrary\DisplayLibrary.csproj", "{C901CA85-CDF2-44BF-9C9B-025A9E8794B9}"
EndProject
Global
	GlobalSection(SolutionConfigurationPlatforms) = preSolution
		Debug|Any CPU = Debug|Any CPU
		Release|Any CPU = Release|Any CPU
	EndGlobalSection
	GlobalSection(ProjectConfigurationPlatforms) = postSolution
		{E33CE90E-FB51-497C-B89E-B1600BF8D50E}.Debug|Any CPU.ActiveCfg = Debug|Any CPU
		{E33CE90E-FB51-497C-B89E-B1600BF8D50E}.Debug|Any CPU.Build.0 = Debug|Any CPU
		{E33CE90E-FB51-497C-B89E-B1600BF8D50E}.Release|Any CPU.ActiveCfg = Release|Any CPU
		{E33CE90E-FB51-497C-B89E-B1600BF8D50E}.Release|Any CPU.Build.0 = Release|Any CPU
		{F8966CB7-0F84-421A-B845-8CBDE6C5F1C3}.Debug|Any CPU.ActiveCfg = Debug|Any CPU
		{F8966CB7-0F84-421A-B845-8CBDE6C5F1C3}.Debug|Any CPU.Build.0 = Debug|Any CPU
		{F8966CB7-0F84-421A-B845-8CBDE6C5F1C3}.Release|Any CPU.ActiveCfg = Release|Any CPU
		{F8966CB7-0F84-421A-B845-8CBDE6C5F1C3}.Release|Any CPU.Build.0 = Release|Any CPU
		{C901CA85-CDF2-44BF-9C9B-025A9E8794B9}.Debug|Any CPU.ActiveCfg = Debug|Any CPU
		{C901CA85-CDF2-44BF-9C9B-025A9E8794B9}.Debug|Any CPU.Build.0 = Debug|Any CPU
		{C901CA85-CDF2-44BF-9C9B-025A9E8794B9}.Release|Any CPU.ActiveCfg = Release|Any CPU
		{C901CA85-CDF2-44BF-9C9B-025A9E8794B9}.Release|Any CPU.Build.0 = Release|Any CPU
	EndGlobalSection
	GlobalSection(SolutionProperties) = preSolution
		HideSolutionNode = FALSE
	EndGlobalSection
	GlobalSection(ExtensibilityGlobals) = postSolution
		SolutionGuid = {EBD1362B-E4A6-4718-8C9C-7F18AD944C57}
	EndGlobalSection
EndGlobal
